
Microsoft Visual Studio Solution File, Format Version 12.00
# Visual Studio Version 17
VisualStudioVersion = 17.8.34511.84
MinimumVisualStudioVersion = 10.0.40219.1
Project("{9A19103F-16F7-4668-BE54-9A1E7A4F7556}") = "SumOf3", "SumOf3\SumOf3.csproj", "{12A07183-06EA-4749-BC77-7F1600D1116D}"
EndProject
Project("{9A19103F-16F7-4668-BE54-9A1E7A4F7556}") = "CoinToss", "CoinToss\CoinToss.csproj", "{E0AA4F9C-395C-4B63-8DE0-93B2C068583D}"
EndProject
Project("{9A19103F-16F7-4668-BE54-9A1E7A4F7556}") = "GuessANumber", "GuessANumber\GuessANumber.csproj", "{A2B93934-267B-4FE8-B953-5F1B4EE2537B}"
EndProject
Project("{9A19103F-16F7-4668-BE54-9A1E7A4F7556}") = "BankAccountInfo", "BankAccountInfo\BankAccountInfo.csproj", "{D9FEE8E3-0AAC-45B4-9B6E-D4FC57C68DC5}"
EndProject
Project("{9A19103F-16F7-4668-BE54-9A1E7A4F7556}") = "StringManipulation", "StringManipulation\StringManipulation.csproj", "{9ECCB72D-0003-4101-B866-E8EEC1C8ED85}"
EndProject
Project("{9A19103F-16F7-4668-BE54-9A1E7A4F7556}") = "AllTypesOfCollections", "AllTypesOfCollections\AllTypesOfCollections.csproj", "{5C7D6175-D928-4D13-9C68-FF6D6E34676D}"
EndProject
Project("{9A19103F-16F7-4668-BE54-9A1E7A4F7556}") = "ProcessingACsvFile", "ProcessingACsvFile\ProcessingACsvFile.csproj", "{6AE1215C-1A76-4490-83B3-9C6BC854F84B}"
EndProject
Project("{9A19103F-16F7-4668-BE54-9A1E7A4F7556}") = "ProcessingACSVFilePart2", "ProcessingACSVFilePart2\ProcessingACSVFilePart2.csproj", "{A84318C3-4D3D-4528-B906-0DCBE917011B}"
EndProject
Project("{9A19103F-16F7-4668-BE54-9A1E7A4F7556}") = "Functions_Calculator", "Functions_Calculator\Functions_Calculator.csproj", "{58221F5A-96EB-4B83-8FC9-CD904D8D1E05}"
EndProject
Project("{9A19103F-16F7-4668-BE54-9A1E7A4F7556}") = "Classes_Toy", "Classes_Toy\Classes_Toy.csproj", "{74557A56-2C25-4B9B-9716-B0531D2111DA}"
EndProject
Project("{9A19103F-16F7-4668-BE54-9A1E7A4F7556}") = "Classes_Cereal", "Classes_Cereal\Classes_Cereal.csproj", "{AA4739D6-B7F4-496A-BF48-9F0C1CA1D0AA}"
EndProject
Project("{FAE04EC0-301F-11D3-BF4B-00C04F79EFBC}") = "Classes_ToyBox", "Classes_ToyBox\Classes_ToyBox.csproj", "{AA654693-1F77-4B36-97D2-A5CEA547CC40}"
EndProject
Global
	GlobalSection(SolutionConfigurationPlatforms) = preSolution
		Debug|Any CPU = Debug|Any CPU
		Release|Any CPU = Release|Any CPU
	EndGlobalSection
	GlobalSection(ProjectConfigurationPlatforms) = postSolution
		{12A07183-06EA-4749-BC77-7F1600D1116D}.Debug|Any CPU.ActiveCfg = Debug|Any CPU
		{12A07183-06EA-4749-BC77-7F1600D1116D}.Debug|Any CPU.Build.0 = Debug|Any CPU
		{12A07183-06EA-4749-BC77-7F1600D1116D}.Release|Any CPU.ActiveCfg = Release|Any CPU
		{12A07183-06EA-4749-BC77-7F1600D1116D}.Release|Any CPU.Build.0 = Release|Any CPU
		{E0AA4F9C-395C-4B63-8DE0-93B2C068583D}.Debug|Any CPU.ActiveCfg = Debug|Any CPU
		{E0AA4F9C-395C-4B63-8DE0-93B2C068583D}.Debug|Any CPU.Build.0 = Debug|Any CPU
		{E0AA4F9C-395C-4B63-8DE0-93B2C068583D}.Release|Any CPU.ActiveCfg = Release|Any CPU
		{E0AA4F9C-395C-4B63-8DE0-93B2C068583D}.Release|Any CPU.Build.0 = Release|Any CPU
		{A2B93934-267B-4FE8-B953-5F1B4EE2537B}.Debug|Any CPU.ActiveCfg = Debug|Any CPU
		{A2B93934-267B-4FE8-B953-5F1B4EE2537B}.Debug|Any CPU.Build.0 = Debug|Any CPU
		{A2B93934-267B-4FE8-B953-5F1B4EE2537B}.Release|Any CPU.ActiveCfg = Release|Any CPU
		{A2B93934-267B-4FE8-B953-5F1B4EE2537B}.Release|Any CPU.Build.0 = Release|Any CPU
		{D9FEE8E3-0AAC-45B4-9B6E-D4FC57C68DC5}.Debug|Any CPU.ActiveCfg = Debug|Any CPU
		{D9FEE8E3-0AAC-45B4-9B6E-D4FC57C68DC5}.Debug|Any CPU.Build.0 = Debug|Any CPU
		{D9FEE8E3-0AAC-45B4-9B6E-D4FC57C68DC5}.Release|Any CPU.ActiveCfg = Release|Any CPU
		{D9FEE8E3-0AAC-45B4-9B6E-D4FC57C68DC5}.Release|Any CPU.Build.0 = Release|Any CPU
		{9ECCB72D-0003-4101-B866-E8EEC1C8ED85}.Debug|Any CPU.ActiveCfg = Debug|Any CPU
		{9ECCB72D-0003-4101-B866-E8EEC1C8ED85}.Debug|Any CPU.Build.0 = Debug|Any CPU
		{9ECCB72D-0003-4101-B866-E8EEC1C8ED85}.Release|Any CPU.ActiveCfg = Release|Any CPU
		{9ECCB72D-0003-4101-B866-E8EEC1C8ED85}.Release|Any CPU.Build.0 = Release|Any CPU
		{5C7D6175-D928-4D13-9C68-FF6D6E34676D}.Debug|Any CPU.ActiveCfg = Debug|Any CPU
		{5C7D6175-D928-4D13-9C68-FF6D6E34676D}.Debug|Any CPU.Build.0 = Debug|Any CPU
		{5C7D6175-D928-4D13-9C68-FF6D6E34676D}.Release|Any CPU.ActiveCfg = Release|Any CPU
		{5C7D6175-D928-4D13-9C68-FF6D6E34676D}.Release|Any CPU.Build.0 = Release|Any CPU
		{6AE1215C-1A76-4490-83B3-9C6BC854F84B}.Debug|Any CPU.ActiveCfg = Debug|Any CPU
		{6AE1215C-1A76-4490-83B3-9C6BC854F84B}.Debug|Any CPU.Build.0 = Debug|Any CPU
		{6AE1215C-1A76-4490-83B3-9C6BC854F84B}.Release|Any CPU.ActiveCfg = Release|Any CPU
		{6AE1215C-1A76-4490-83B3-9C6BC854F84B}.Release|Any CPU.Build.0 = Release|Any CPU
		{A84318C3-4D3D-4528-B906-0DCBE917011B}.Debug|Any CPU.ActiveCfg = Debug|Any CPU
		{A84318C3-4D3D-4528-B906-0DCBE917011B}.Debug|Any CPU.Build.0 = Debug|Any CPU
		{A84318C3-4D3D-4528-B906-0DCBE917011B}.Release|Any CPU.ActiveCfg = Release|Any CPU
		{A84318C3-4D3D-4528-B906-0DCBE917011B}.Release|Any CPU.Build.0 = Release|Any CPU
		{58221F5A-96EB-4B83-8FC9-CD904D8D1E05}.Debug|Any CPU.ActiveCfg = Debug|Any CPU
		{58221F5A-96EB-4B83-8FC9-CD904D8D1E05}.Debug|Any CPU.Build.0 = Debug|Any CPU
		{58221F5A-96EB-4B83-8FC9-CD904D8D1E05}.Release|Any CPU.ActiveCfg = Release|Any CPU
		{58221F5A-96EB-4B83-8FC9-CD904D8D1E05}.Release|Any CPU.Build.0 = Release|Any CPU
		{74557A56-2C25-4B9B-9716-B0531D2111DA}.Debug|Any CPU.ActiveCfg = Debug|Any CPU
		{74557A56-2C25-4B9B-9716-B0531D2111DA}.Debug|Any CPU.Build.0 = Debug|Any CPU
		{74557A56-2C25-4B9B-9716-B0531D2111DA}.Release|Any CPU.ActiveCfg = Release|Any CPU
		{74557A56-2C25-4B9B-9716-B0531D2111DA}.Release|Any CPU.Build.0 = Release|Any CPU
		{AA4739D6-B7F4-496A-BF48-9F0C1CA1D0AA}.Debug|Any CPU.ActiveCfg = Debug|Any CPU
		{AA4739D6-B7F4-496A-BF48-9F0C1CA1D0AA}.Debug|Any CPU.Build.0 = Debug|Any CPU
		{AA4739D6-B7F4-496A-BF48-9F0C1CA1D0AA}.Release|Any CPU.ActiveCfg = Release|Any CPU
		{AA4739D6-B7F4-496A-BF48-9F0C1CA1D0AA}.Release|Any CPU.Build.0 = Release|Any CPU
		{AA654693-1F77-4B36-97D2-A5CEA547CC40}.Debug|Any CPU.ActiveCfg = Debug|Any CPU
		{AA654693-1F77-4B36-97D2-A5CEA547CC40}.Debug|Any CPU.Build.0 = Debug|Any CPU
		{AA654693-1F77-4B36-97D2-A5CEA547CC40}.Release|Any CPU.ActiveCfg = Release|Any CPU
		{AA654693-1F77-4B36-97D2-A5CEA547CC40}.Release|Any CPU.Build.0 = Release|Any CPU
	EndGlobalSection
	GlobalSection(SolutionProperties) = preSolution
		HideSolutionNode = FALSE
	EndGlobalSection
	GlobalSection(ExtensibilityGlobals) = postSolution
		SolutionGuid = {5839DAE1-8796-4068-B336-37FE5524B98C}
	EndGlobalSection
EndGlobal
