
Microsoft Visual Studio Solution File, Format Version 12.00
# Visual Studio Version 17
VisualStudioVersion = 17.8.34511.84
MinimumVisualStudioVersion = 10.0.40219.1
Project("{9A19103F-16F7-4668-BE54-9A1E7A4F7556}") = "Variables_And_Expressions", "Variables_And_Expressions\Variables_And_Expressions.csproj", "{BAD3387E-9911-4A0C-A22D-FD2870169B70}"
EndProject
Project("{9A19103F-16F7-4668-BE54-9A1E7A4F7556}") = "Conditionlas_Example3", "Conditionlas_Example3\Conditionlas_Example3.csproj", "{E4F59784-EB9E-4AD1-A4C8-2C0601B86029}"
EndProject
Project("{9A19103F-16F7-4668-BE54-9A1E7A4F7556}") = "Loops_Example1", "Loops_Example1\Loops_Example1.csproj", "{2048F010-4FD7-4EAF-8AF3-9FEF278769AA}"
EndProject
Project("{9A19103F-16F7-4668-BE54-9A1E7A4F7556}") = "Loops_Example3", "Loops_Example3\Loops_Example3.csproj", "{FEBCA778-B3BD-487F-9781-E9221A3A445B}"
EndProject
Project("{9A19103F-16F7-4668-BE54-9A1E7A4F7556}") = "StringManipulation", "StringManipulation\StringManipulation.csproj", "{587E559F-191A-482D-A81F-BF66480D4FB5}"
EndProject
Project("{9A19103F-16F7-4668-BE54-9A1E7A4F7556}") = "ReadingInAFile", "ReadingInAFile\ReadingInAFile.csproj", "{2B514F77-EE22-4F82-B71B-7C00AC798EC4}"
EndProject
Project("{9A19103F-16F7-4668-BE54-9A1E7A4F7556}") = "Collections_ParallelArrays", "Collections_ParallelArrays\Collections_ParallelArrays.csproj", "{7CCA922B-B0BD-4EEC-B9F8-88CA581F220F}"
EndProject
Project("{9A19103F-16F7-4668-BE54-9A1E7A4F7556}") = "Collections_Dictionaries", "Collections_Dictionaries\Collections_Dictionaries.csproj", "{141014A2-FCFE-46B4-B3F7-A727B195BEFB}"
EndProject
Project("{9A19103F-16F7-4668-BE54-9A1E7A4F7556}") = "Collections_List", "Collections_List\Collections_List.csproj", "{A47C215D-9C20-4607-BB52-75ED2B0CD230}"
EndProject
Project("{9A19103F-16F7-4668-BE54-9A1E7A4F7556}") = "Methods", "Methods\Methods.csproj", "{5F2D3D8F-F0CD-4869-A774-3D04BA043174}"
EndProject
Project("{FAE04EC0-301F-11D3-BF4B-00C04F79EFBC}") = "Classes_Example1", "Classes_Example1\Classes_Example1.csproj", "{EDF6C4B8-696B-483A-B35E-6AA0939E3307}"
EndProject
Global
	GlobalSection(SolutionConfigurationPlatforms) = preSolution
		Debug|Any CPU = Debug|Any CPU
		Release|Any CPU = Release|Any CPU
	EndGlobalSection
	GlobalSection(ProjectConfigurationPlatforms) = postSolution
		{BAD3387E-9911-4A0C-A22D-FD2870169B70}.Debug|Any CPU.ActiveCfg = Debug|Any CPU
		{BAD3387E-9911-4A0C-A22D-FD2870169B70}.Debug|Any CPU.Build.0 = Debug|Any CPU
		{BAD3387E-9911-4A0C-A22D-FD2870169B70}.Release|Any CPU.ActiveCfg = Release|Any CPU
		{BAD3387E-9911-4A0C-A22D-FD2870169B70}.Release|Any CPU.Build.0 = Release|Any CPU
		{E4F59784-EB9E-4AD1-A4C8-2C0601B86029}.Debug|Any CPU.ActiveCfg = Debug|Any CPU
		{E4F59784-EB9E-4AD1-A4C8-2C0601B86029}.Debug|Any CPU.Build.0 = Debug|Any CPU
		{E4F59784-EB9E-4AD1-A4C8-2C0601B86029}.Release|Any CPU.ActiveCfg = Release|Any CPU
		{E4F59784-EB9E-4AD1-A4C8-2C0601B86029}.Release|Any CPU.Build.0 = Release|Any CPU
		{2048F010-4FD7-4EAF-8AF3-9FEF278769AA}.Debug|Any CPU.ActiveCfg = Debug|Any CPU
		{2048F010-4FD7-4EAF-8AF3-9FEF278769AA}.Debug|Any CPU.Build.0 = Debug|Any CPU
		{2048F010-4FD7-4EAF-8AF3-9FEF278769AA}.Release|Any CPU.ActiveCfg = Release|Any CPU
		{2048F010-4FD7-4EAF-8AF3-9FEF278769AA}.Release|Any CPU.Build.0 = Release|Any CPU
		{FEBCA778-B3BD-487F-9781-E9221A3A445B}.Debug|Any CPU.ActiveCfg = Debug|Any CPU
		{FEBCA778-B3BD-487F-9781-E9221A3A445B}.Debug|Any CPU.Build.0 = Debug|Any CPU
		{FEBCA778-B3BD-487F-9781-E9221A3A445B}.Release|Any CPU.ActiveCfg = Release|Any CPU
		{FEBCA778-B3BD-487F-9781-E9221A3A445B}.Release|Any CPU.Build.0 = Release|Any CPU
		{587E559F-191A-482D-A81F-BF66480D4FB5}.Debug|Any CPU.ActiveCfg = Debug|Any CPU
		{587E559F-191A-482D-A81F-BF66480D4FB5}.Debug|Any CPU.Build.0 = Debug|Any CPU
		{587E559F-191A-482D-A81F-BF66480D4FB5}.Release|Any CPU.ActiveCfg = Release|Any CPU
		{587E559F-191A-482D-A81F-BF66480D4FB5}.Release|Any CPU.Build.0 = Release|Any CPU
		{2B514F77-EE22-4F82-B71B-7C00AC798EC4}.Debug|Any CPU.ActiveCfg = Debug|Any CPU
		{2B514F77-EE22-4F82-B71B-7C00AC798EC4}.Debug|Any CPU.Build.0 = Debug|Any CPU
		{2B514F77-EE22-4F82-B71B-7C00AC798EC4}.Release|Any CPU.ActiveCfg = Release|Any CPU
		{2B514F77-EE22-4F82-B71B-7C00AC798EC4}.Release|Any CPU.Build.0 = Release|Any CPU
		{7CCA922B-B0BD-4EEC-B9F8-88CA581F220F}.Debug|Any CPU.ActiveCfg = Debug|Any CPU
		{7CCA922B-B0BD-4EEC-B9F8-88CA581F220F}.Debug|Any CPU.Build.0 = Debug|Any CPU
		{7CCA922B-B0BD-4EEC-B9F8-88CA581F220F}.Release|Any CPU.ActiveCfg = Release|Any CPU
		{7CCA922B-B0BD-4EEC-B9F8-88CA581F220F}.Release|Any CPU.Build.0 = Release|Any CPU
		{141014A2-FCFE-46B4-B3F7-A727B195BEFB}.Debug|Any CPU.ActiveCfg = Debug|Any CPU
		{141014A2-FCFE-46B4-B3F7-A727B195BEFB}.Debug|Any CPU.Build.0 = Debug|Any CPU
		{141014A2-FCFE-46B4-B3F7-A727B195BEFB}.Release|Any CPU.ActiveCfg = Release|Any CPU
		{141014A2-FCFE-46B4-B3F7-A727B195BEFB}.Release|Any CPU.Build.0 = Release|Any CPU
		{A47C215D-9C20-4607-BB52-75ED2B0CD230}.Debug|Any CPU.ActiveCfg = Debug|Any CPU
		{A47C215D-9C20-4607-BB52-75ED2B0CD230}.Debug|Any CPU.Build.0 = Debug|Any CPU
		{A47C215D-9C20-4607-BB52-75ED2B0CD230}.Release|Any CPU.ActiveCfg = Release|Any CPU
		{A47C215D-9C20-4607-BB52-75ED2B0CD230}.Release|Any CPU.Build.0 = Release|Any CPU
		{5F2D3D8F-F0CD-4869-A774-3D04BA043174}.Debug|Any CPU.ActiveCfg = Debug|Any CPU
		{5F2D3D8F-F0CD-4869-A774-3D04BA043174}.Debug|Any CPU.Build.0 = Debug|Any CPU
		{5F2D3D8F-F0CD-4869-A774-3D04BA043174}.Release|Any CPU.ActiveCfg = Release|Any CPU
		{5F2D3D8F-F0CD-4869-A774-3D04BA043174}.Release|Any CPU.Build.0 = Release|Any CPU
		{EDF6C4B8-696B-483A-B35E-6AA0939E3307}.Debug|Any CPU.ActiveCfg = Debug|Any CPU
		{EDF6C4B8-696B-483A-B35E-6AA0939E3307}.Debug|Any CPU.Build.0 = Debug|Any CPU
		{EDF6C4B8-696B-483A-B35E-6AA0939E3307}.Release|Any CPU.ActiveCfg = Release|Any CPU
		{EDF6C4B8-696B-483A-B35E-6AA0939E3307}.Release|Any CPU.Build.0 = Release|Any CPU
	EndGlobalSection
	GlobalSection(SolutionProperties) = preSolution
		HideSolutionNode = FALSE
	EndGlobalSection
	GlobalSection(ExtensibilityGlobals) = postSolution
		SolutionGuid = {7A94BED9-6920-4F17-8689-DC99B07391D2}
	EndGlobalSection
EndGlobal
