
Microsoft Visual Studio Solution File, Format Version 12.00
# Visual Studio Version 17
VisualStudioVersion = 17.8.34511.84
MinimumVisualStudioVersion = 10.0.40219.1
Project("{FAE04EC0-301F-11D3-BF4B-00C04F79EFBC}") = "Variables_And_Expressions", "Variables_And_Expressions\Variables_And_Expressions.csproj", "{BAD3387E-9911-4A0C-A22D-FD2870169B70}"
EndProject
Global
	GlobalSection(SolutionConfigurationPlatforms) = preSolution
		Debug|Any CPU = Debug|Any CPU
		Release|Any CPU = Release|Any CPU
	EndGlobalSection
	GlobalSection(ProjectConfigurationPlatforms) = postSolution
		{BAD3387E-9911-4A0C-A22D-FD2870169B70}.Debug|Any CPU.ActiveCfg = Debug|Any CPU
		{BAD3387E-9911-4A0C-A22D-FD2870169B70}.Debug|Any CPU.Build.0 = Debug|Any CPU
		{BAD3387E-9911-4A0C-A22D-FD2870169B70}.Release|Any CPU.ActiveCfg = Release|Any CPU
		{BAD3387E-9911-4A0C-A22D-FD2870169B70}.Release|Any CPU.Build.0 = Release|Any CPU
	EndGlobalSection
	GlobalSection(SolutionProperties) = preSolution
		HideSolutionNode = FALSE
	EndGlobalSection
	GlobalSection(ExtensibilityGlobals) = postSolution
		SolutionGuid = {7A94BED9-6920-4F17-8689-DC99B07391D2}
	EndGlobalSection
EndGlobal
